{
  "requires": true,
  "lockfileVersion": 1,
  "dependencies": {
    "goober": {
      "version": "2.1.10",
      "resolved": "https://registry.npmjs.org/goober/-/goober-2.1.10.tgz",
      "integrity": "sha512-7PpuQMH10jaTWm33sQgBQvz45pHR8N4l3Cu3WMGEWmHShAcTuuP7I+5/DwKo39fwti5A80WAjvqgz6SSlgWmGA=="
    },
    "react-hot-toast": {
      "version": "2.3.0",
      "resolved": "https://registry.npmjs.org/react-hot-toast/-/react-hot-toast-2.3.0.tgz",
      "integrity": "sha512-/RxV+bfjld7tSJR1SCLzMAXgFuNW7fCpK6+vbYqfmbGSWcqTMz2rizrvfWKvtcPH5HK0NqxmBaC5SrAy1F42zA==",
      "requires": {
        "goober": "^2.1.10"
      }
    }
  }
}
